
Microsoft Visual Studio Solution File, Format Version 12.00
# Visual Studio Version 17
VisualStudioVersion = 17.4.33213.308
MinimumVisualStudioVersion = 10.0.40219.1
Project("{FAE04EC0-301F-11D3-BF4B-00C04F79EFBC}") = "Project_CTE_Course_License", "Project_CTE_Course_License.csproj", "{95C9081B-B39D-4734-9614-2FEAC6A30584}"
EndProject
Global
	GlobalSection(SolutionConfigurationPlatforms) = preSolution
		Debug|Any CPU = Debug|Any CPU
		Release|Any CPU = Release|Any CPU
	EndGlobalSection
	GlobalSection(ProjectConfigurationPlatforms) = postSolution
		{95C9081B-B39D-4734-9614-2FEAC6A30584}.Debug|Any CPU.ActiveCfg = Debug|Any CPU
		{95C9081B-B39D-4734-9614-2FEAC6A30584}.Debug|Any CPU.Build.0 = Debug|Any CPU
		{95C9081B-B39D-4734-9614-2FEAC6A30584}.Release|Any CPU.ActiveCfg = Release|Any CPU
		{95C9081B-B39D-4734-9614-2FEAC6A30584}.Release|Any CPU.Build.0 = Release|Any CPU
	EndGlobalSection
	GlobalSection(SolutionProperties) = preSolution
		HideSolutionNode = FALSE
	EndGlobalSection
	GlobalSection(ExtensibilityGlobals) = postSolution
		SolutionGuid = {2DB67281-B28A-4008-BD19-93D4C7978B4A}
	EndGlobalSection
EndGlobal
